{
  "version": 4,
  "terraform_version": "1.4.6",
  "serial": 7,
  "lineage": "e86bf96d-11d8-2881-cbe7-0179af15c19a",
  "outputs": {
    "access_key": {
      "value": "YCAJEtJi0OkUE1C-fQdFW8qjU",
      "type": "string",
      "sensitive": true
    },
    "secret_key": {
      "value": "YCNPkKhApdKoG-swWydwwilR3I7E6E1WYlBVHpwW",
      "type": "string",
      "sensitive": true
    }
  },
  "resources": [
    {
      "mode": "managed",
      "type": "yandex_iam_service_account",
      "name": "sa",
      "provider": "provider[\"registry.terraform.io/yandex-cloud/yandex\"]",
      "instances": [
        {
          "schema_version": 0,
          "attributes": {
            "created_at": "2023-08-14T09:00:02Z",
            "description": "",
            "folder_id": "b1gi1flau5ugb8v07n9l",
            "id": "ajeu45s7bkrmnmt0jpo4",
            "name": "sa-main",
            "timeouts": null
          },
          "sensitive_attributes": [],
          "private": "eyJlMmJmYjczMC1lY2FhLTExZTYtOGY4OC0zNDM2M2JjN2M0YzAiOnsiY3JlYXRlIjo2MDAwMDAwMDAwMCwiZGVsZXRlIjo2MDAwMDAwMDAwMCwidXBkYXRlIjo2MDAwMDAwMDAwMH19"
        }
      ]
    },
    {
      "mode": "managed",
      "type": "yandex_iam_service_account_static_access_key",
      "name": "sa-static-key",
      "provider": "provider[\"registry.terraform.io/yandex-cloud/yandex\"]",
      "instances": [
        {
          "schema_version": 0,
          "attributes": {
            "access_key": "YCAJEtJi0OkUE1C-fQdFW8qjU",
            "created_at": "2023-08-14T09:00:03Z",
            "description": "Static access key for object storage",
            "encrypted_secret_key": null,
            "id": "ajevh33iq1nieq9ikek0",
            "key_fingerprint": null,
            "pgp_key": null,
            "secret_key": "YCNPkKhApdKoG-swWydwwilR3I7E6E1WYlBVHpwW",
            "service_account_id": "ajeu45s7bkrmnmt0jpo4"
          },
          "sensitive_attributes": [],
          "private": "bnVsbA==",
          "dependencies": [
            "yandex_iam_service_account.sa"
          ]
        }
      ]
    },
    {
      "mode": "managed",
      "type": "yandex_resourcemanager_folder_iam_member",
      "name": "sa-editor",
      "provider": "provider[\"registry.terraform.io/yandex-cloud/yandex\"]",
      "instances": [
        {
          "schema_version": 0,
          "attributes": {
            "folder_id": "b1gi1flau5ugb8v07n9l",
            "id": "b1gi1flau5ugb8v07n9l/storage.editor/serviceAccount:ajeu45s7bkrmnmt0jpo4",
            "member": "serviceAccount:ajeu45s7bkrmnmt0jpo4",
            "role": "storage.editor",
            "sleep_after": null,
            "timeouts": null
          },
          "sensitive_attributes": [],
          "private": "eyJlMmJmYjczMC1lY2FhLTExZTYtOGY4OC0zNDM2M2JjN2M0YzAiOnsiY3JlYXRlIjo2MDAwMDAwMDAwMCwiZGVmYXVsdCI6NjAwMDAwMDAwMDAsImRlbGV0ZSI6NjAwMDAwMDAwMDAsInJlYWQiOjYwMDAwMDAwMDAwLCJ1cGRhdGUiOjYwMDAwMDAwMDAwfX0=",
          "dependencies": [
            "yandex_iam_service_account.sa"
          ]
        }
      ]
    },
    {
      "mode": "managed",
      "type": "yandex_storage_bucket",
      "name": "state",
      "provider": "provider[\"registry.terraform.io/yandex-cloud/yandex\"]",
      "instances": [
        {
          "schema_version": 0,
          "attributes": {
            "access_key": "YCAJEtJi0OkUE1C-fQdFW8qjU",
            "acl": null,
            "anonymous_access_flags": [
              {
                "config_read": false,
                "list": false,
                "read": false
              }
            ],
            "bucket": "tf-state-bucket-test",
            "bucket_domain_name": "tf-state-bucket-test.storage.yandexcloud.net",
            "bucket_prefix": null,
            "cors_rule": [],
            "default_storage_class": "STANDARD",
            "folder_id": "b1gi1flau5ugb8v07n9l",
            "force_destroy": false,
            "grant": [],
            "https": [],
            "id": "tf-state-bucket-test",
            "lifecycle_rule": [],
            "logging": [],
            "max_size": 0,
            "object_lock_configuration": [],
            "policy": "",
            "secret_key": "YCNPkKhApdKoG-swWydwwilR3I7E6E1WYlBVHpwW",
            "server_side_encryption_configuration": [],
            "tags": {},
            "versioning": [
              {
                "enabled": false
              }
            ],
            "website": [],
            "website_domain": null,
            "website_endpoint": null
          },
          "sensitive_attributes": [
            [
              {
                "type": "get_attr",
                "value": "secret_key"
              }
            ]
          ],
          "private": "bnVsbA==",
          "dependencies": [
            "yandex_iam_service_account.sa",
            "yandex_iam_service_account_static_access_key.sa-static-key"
          ]
        }
      ]
    }
  ],
  "check_results": null
}
